
Microsoft Visual Studio Solution File, Format Version 12.00
# Visual Studio Version 16
VisualStudioVersion = 16.0.31105.61
MinimumVisualStudioVersion = 10.0.40219.1
Project("{FAE04EC0-301F-11D3-BF4B-00C04F79EFBC}") = "TriangleIdentifier.ConsoleApp", "TriangleIdentifier.ConsoleApp\TriangleIdentifier.ConsoleApp.csproj", "{6044BE81-F3A1-4678-9DFC-61E00D6B9955}"
EndProject
Global
	GlobalSection(SolutionConfigurationPlatforms) = preSolution
		Debug|Any CPU = Debug|Any CPU
		Release|Any CPU = Release|Any CPU
	EndGlobalSection
	GlobalSection(ProjectConfigurationPlatforms) = postSolution
		{6044BE81-F3A1-4678-9DFC-61E00D6B9955}.Debug|Any CPU.ActiveCfg = Debug|Any CPU
		{6044BE81-F3A1-4678-9DFC-61E00D6B9955}.Debug|Any CPU.Build.0 = Debug|Any CPU
		{6044BE81-F3A1-4678-9DFC-61E00D6B9955}.Release|Any CPU.ActiveCfg = Release|Any CPU
		{6044BE81-F3A1-4678-9DFC-61E00D6B9955}.Release|Any CPU.Build.0 = Release|Any CPU
	EndGlobalSection
	GlobalSection(SolutionProperties) = preSolution
		HideSolutionNode = FALSE
	EndGlobalSection
	GlobalSection(ExtensibilityGlobals) = postSolution
		SolutionGuid = {40A7E472-CCEF-463A-9FF2-CD17F73A8765}
	EndGlobalSection
EndGlobal
